
Microsoft Visual Studio Solution File, Format Version 12.00
# Visual Studio Version 17
VisualStudioVersion = 17.1.32210.238
MinimumVisualStudioVersion = 10.0.40219.1
Project("{2150E333-8FDC-42A3-9474-1A3956D46DE8}") = "Services", "Services", "{E6351FB9-0DBE-49EA-9599-71815686BD69}"
EndProject
Project("{2150E333-8FDC-42A3-9474-1A3956D46DE8}") = "Common", "Common", "{1E6CA2EE-A0B0-42C8-905B-EBE9A0BDCBD5}"
EndProject
Project("{9A19103F-16F7-4668-BE54-9A1E7A4F7556}") = "SSTTEK.FakeIdentityServer", "Services\SSTTEK.FakeIdentityServer\SSTTEK.FakeIdentityServer.csproj", "{F1FE71CF-7461-4092-9C8E-3F90D3D36006}"
EndProject
Project("{2150E333-8FDC-42A3-9474-1A3956D46DE8}") = "Contacts", "Contacts", "{11C35C41-FB26-4D58-87F5-D483E7DAC81C}"
EndProject
Project("{2150E333-8FDC-42A3-9474-1A3956D46DE8}") = "Location", "Location", "{1D5C4345-E878-46C2-9FB1-219C728A5E47}"
EndProject
Project("{9A19103F-16F7-4668-BE54-9A1E7A4F7556}") = "SSTTEK.ContactsApi", "Services\Contacts\SSTTEK.ContactsApi\SSTTEK.ContactsApi.csproj", "{7DEAE6FD-E65F-4772-899A-D551EFAF22E0}"
EndProject
Project("{2150E333-8FDC-42A3-9474-1A3956D46DE8}") = "Gateways", "Gateways", "{9FAC1697-9784-4970-9740-C42D30BE4C38}"
EndProject
Project("{9A19103F-16F7-4668-BE54-9A1E7A4F7556}") = "SSTTEK.Gateway", "Gateways\SSTTEK.Gateway\SSTTEK.Gateway.csproj", "{B8E57472-F83E-43CB-9CD8-2192B3E64082}"
EndProject
Project("{2150E333-8FDC-42A3-9474-1A3956D46DE8}") = "Core", "Core", "{2846C466-280D-408A-A4AA-849820417B83}"
EndProject
Project("{2150E333-8FDC-42A3-9474-1A3956D46DE8}") = "DbContracts", "DbContracts", "{AC251FAB-F863-42E4-9F90-9B2F94D93C9F}"
EndProject
Project("{2150E333-8FDC-42A3-9474-1A3956D46DE8}") = "Entity", "Entity", "{FE102FE1-90D9-4F50-B8AB-54B4973A41EC}"
EndProject
Project("{2150E333-8FDC-42A3-9474-1A3956D46DE8}") = "Databases", "Databases", "{05704D43-67EF-4D78-B508-BC58F4F5A0B9}"
EndProject
Project("{9A19103F-16F7-4668-BE54-9A1E7A4F7556}") = "MsSqlAdapter", "Common\Databases\MsSqlAdapter\MsSqlAdapter.csproj", "{E6503EA4-8A34-4218-904F-F85DEC4E1EFD}"
EndProject
Project("{9A19103F-16F7-4668-BE54-9A1E7A4F7556}") = "MongoDbAdapter", "Common\Databases\MongoDbAdapter\MongoDbAdapter.csproj", "{DD3A97F0-3B29-4582-9C5D-971EFE2853BE}"
EndProject
Project("{9A19103F-16F7-4668-BE54-9A1E7A4F7556}") = "ServerBaseContract", "Common\Core\DbContracts\ServerBaseContract\ServerBaseContract.csproj", "{841FBD70-F84C-4174-AC88-910DCBF314A3}"
EndProject
Project("{9A19103F-16F7-4668-BE54-9A1E7A4F7556}") = "EntityBase", "Common\Core\Entity\EntityBase\EntityBase.csproj", "{E1093350-A129-4347-9FBB-163539F74872}"
EndProject
Project("{9A19103F-16F7-4668-BE54-9A1E7A4F7556}") = "Tools", "Common\Tools\Tools.csproj", "{6E48B25A-A2A0-41C5-9022-5F3D6D5C060B}"
EndProject
Project("{9A19103F-16F7-4668-BE54-9A1E7A4F7556}") = "RestHelpers", "Common\RestHelpers\RestHelpers.csproj", "{04639414-B395-4CA5-AFA0-2F5259BF0BA2}"
EndProject
Project("{2150E333-8FDC-42A3-9474-1A3956D46DE8}") = "AdaptersAndMiddlewares", "AdaptersAndMiddlewares", "{6D5F2691-7599-4F0F-94DA-3CC62A5EB82F}"
EndProject
Project("{9A19103F-16F7-4668-BE54-9A1E7A4F7556}") = "FluentValidationAdapter", "Common\AdaptersAndMiddlewares\FluentValidationAdapter\FluentValidationAdapter.csproj", "{40455E0A-0D7A-4DC3-8028-6A17EF3C176E}"
EndProject
Project("{9A19103F-16F7-4668-BE54-9A1E7A4F7556}") = "AutoMapperAdapter", "Common\AdaptersAndMiddlewares\AutoMapperAdapter\AutoMapperAdapter.csproj", "{7C0A89D4-2286-48B4-AD5F-DE8574F63AC2}"
EndProject
Project("{2150E333-8FDC-42A3-9474-1A3956D46DE8}") = "Caching", "Caching", "{192D2DC6-0707-4891-B657-00DB124223A0}"
EndProject
Project("{9A19103F-16F7-4668-BE54-9A1E7A4F7556}") = "RedisCacheService", "Common\Caching\RedisCacheService\RedisCacheService.csproj", "{A756D43F-848D-4F7C-81F2-1B88E554C52D}"
EndProject
Project("{9A19103F-16F7-4668-BE54-9A1E7A4F7556}") = "CastleInterceptors", "CastleInterceptors\CastleInterceptors.csproj", "{CE0F3344-F076-42E6-9C1D-C6D9A0F81CD2}"
EndProject
Project("{9A19103F-16F7-4668-BE54-9A1E7A4F7556}") = "AmqpBase", "AmqpBase\AmqpBase.csproj", "{1E394FA6-DE8D-44BD-BA75-4674696DCFCE}"
EndProject
Project("{2150E333-8FDC-42A3-9474-1A3956D46DE8}") = "MassTransitCommon", "MassTransitCommon", "{3A649790-65C6-4FC9-9872-FD1D29FBE8F0}"
EndProject
Project("{9A19103F-16F7-4668-BE54-9A1E7A4F7556}") = "SSTTEK.MassTransitCommon", "Services\MassTransitCommon\SSTTEK.MassTransitCommon\SSTTEK.MassTransitCommon.csproj", "{5B5AA556-77A1-416A-915B-8EF6ED9A8B85}"
EndProject
Project("{9A19103F-16F7-4668-BE54-9A1E7A4F7556}") = "SSTTEK.Contacts.Entities", "Services\Contacts\SSTTEK.Contacts.Entities\SSTTEK.Contacts.Entities.csproj", "{EDE77622-D81D-4FED-90D0-E4DDD4DF4D8A}"
EndProject
Project("{9A19103F-16F7-4668-BE54-9A1E7A4F7556}") = "SSTTEK.Contacts.Business", "Services\Contacts\SSTTEK.Contacts.Business\SSTTEK.Contacts.Business.csproj", "{0695B474-2F36-4CCE-977A-1A44D85E2B30}"
EndProject
Project("{9A19103F-16F7-4668-BE54-9A1E7A4F7556}") = "SSTTEK.Contact.DataAccess", "Services\Contacts\SSTTEK.Contact.DataAccess\SSTTEK.Contact.DataAccess.csproj", "{9E021D48-3CCE-4A84-9C38-B6FD79733922}"
EndProject
Project("{9A19103F-16F7-4668-BE54-9A1E7A4F7556}") = "SSTTEK.LocationApi", "Services\Location\SSTTEK.LocationApi\SSTTEK.LocationApi.csproj", "{4E7D47D3-FA3D-4544-84A3-AC83C3A8999D}"
EndProject
Project("{9A19103F-16F7-4668-BE54-9A1E7A4F7556}") = "SSTTEK.Location.Entities", "Services\Location\SSTTEK.Location.Entities\SSTTEK.Location.Entities.csproj", "{18A8D4D6-AA91-40B2-B826-34ADE213AF5E}"
EndProject
Project("{9A19103F-16F7-4668-BE54-9A1E7A4F7556}") = "SSTTEK.Location.DataAccess", "Services\Location\SSTTEK.Location.DataAccess\SSTTEK.Location.DataAccess.csproj", "{0D90155D-FFE5-4EEB-98CA-C728D0C951D5}"
EndProject
Project("{9A19103F-16F7-4668-BE54-9A1E7A4F7556}") = "SSTTEK.Location.Business", "Services\Location\SSTTEK.Location.Business\SSTTEK.Location.Business.csproj", "{6B509128-E4BE-420C-937F-7DDAB0277560}"
EndProject
Project("{9A19103F-16F7-4668-BE54-9A1E7A4F7556}") = "MongoDbExtender", "Common\Databases\MongoDbExtender\MongoDbExtender.csproj", "{1625EA17-5205-49D9-A19F-52BCD508DE45}"
EndProject
Project("{9A19103F-16F7-4668-BE54-9A1E7A4F7556}") = "CommonMiddlewares", "CommonMiddlewares\CommonMiddlewares.csproj", "{7082DF08-AD29-4ABD-86F0-78BF14F6B4C0}"
EndProject
Project("{2150E333-8FDC-42A3-9474-1A3956D46DE8}") = "Test", "Test", "{0EC136FD-C096-4750-88A4-4CAA1C030C28}"
EndProject
Project("{9A19103F-16F7-4668-BE54-9A1E7A4F7556}") = "TestBase", "Test\TestBase\TestBase.csproj", "{61C2D9A1-6DA8-487F-A194-04987616EA62}"
EndProject
Project("{9A19103F-16F7-4668-BE54-9A1E7A4F7556}") = "SSTTEK.Contact.Business.Tests", "Services\Contacts\SSTTEK.Contact.Business.Tests\SSTTEK.Contact.Business.Tests.csproj", "{5AC8DC9E-AEF0-43A6-8915-55FC104B1325}"
EndProject
Project("{9A19103F-16F7-4668-BE54-9A1E7A4F7556}") = "SSTTEK.Contact.DataAccess.Tests", "Services\Contacts\SSTTEK.Contact.DataAccess.Tests\SSTTEK.Contact.DataAccess.Tests.csproj", "{A73B2C8D-DD19-4277-9075-1AB9850A01E4}"
EndProject
Project("{9A19103F-16F7-4668-BE54-9A1E7A4F7556}") = "SSTTEK.Location.Business.Tests", "Services\Location\SSTTEK.Location.Business.Tests\SSTTEK.Location.Business.Tests.csproj", "{898E77B4-3BBF-45F1-9977-9FA2C82ADF9C}"
EndProject
Project("{9A19103F-16F7-4668-BE54-9A1E7A4F7556}") = "SSTTEK.Location.DataAccess.Tests", "Services\Location\SSTTEK.Location.DataAccess.Tests\SSTTEK.Location.DataAccess.Tests.csproj", "{560009BE-8CBC-4C9D-A389-08FFC4290EA3}"
EndProject
Project("{FAE04EC0-301F-11D3-BF4B-00C04F79EFBC}") = "PostgresAdapter", "Common\Databases\PostgresAdapter\PostgresAdapter.csproj", "{137F2845-44DE-4D4E-B917-879555A3B23A}"
EndProject
Global
	GlobalSection(SolutionConfigurationPlatforms) = preSolution
		Debug|Any CPU = Debug|Any CPU
		Release|Any CPU = Release|Any CPU
	EndGlobalSection
	GlobalSection(ProjectConfigurationPlatforms) = postSolution
		{F1FE71CF-7461-4092-9C8E-3F90D3D36006}.Debug|Any CPU.ActiveCfg = Debug|Any CPU
		{F1FE71CF-7461-4092-9C8E-3F90D3D36006}.Debug|Any CPU.Build.0 = Debug|Any CPU
		{F1FE71CF-7461-4092-9C8E-3F90D3D36006}.Release|Any CPU.ActiveCfg = Release|Any CPU
		{F1FE71CF-7461-4092-9C8E-3F90D3D36006}.Release|Any CPU.Build.0 = Release|Any CPU
		{7DEAE6FD-E65F-4772-899A-D551EFAF22E0}.Debug|Any CPU.ActiveCfg = Debug|Any CPU
		{7DEAE6FD-E65F-4772-899A-D551EFAF22E0}.Debug|Any CPU.Build.0 = Debug|Any CPU
		{7DEAE6FD-E65F-4772-899A-D551EFAF22E0}.Release|Any CPU.ActiveCfg = Release|Any CPU
		{7DEAE6FD-E65F-4772-899A-D551EFAF22E0}.Release|Any CPU.Build.0 = Release|Any CPU
		{B8E57472-F83E-43CB-9CD8-2192B3E64082}.Debug|Any CPU.ActiveCfg = Debug|Any CPU
		{B8E57472-F83E-43CB-9CD8-2192B3E64082}.Debug|Any CPU.Build.0 = Debug|Any CPU
		{B8E57472-F83E-43CB-9CD8-2192B3E64082}.Release|Any CPU.ActiveCfg = Release|Any CPU
		{B8E57472-F83E-43CB-9CD8-2192B3E64082}.Release|Any CPU.Build.0 = Release|Any CPU
		{E6503EA4-8A34-4218-904F-F85DEC4E1EFD}.Debug|Any CPU.ActiveCfg = Debug|Any CPU
		{E6503EA4-8A34-4218-904F-F85DEC4E1EFD}.Debug|Any CPU.Build.0 = Debug|Any CPU
		{E6503EA4-8A34-4218-904F-F85DEC4E1EFD}.Release|Any CPU.ActiveCfg = Release|Any CPU
		{E6503EA4-8A34-4218-904F-F85DEC4E1EFD}.Release|Any CPU.Build.0 = Release|Any CPU
		{DD3A97F0-3B29-4582-9C5D-971EFE2853BE}.Debug|Any CPU.ActiveCfg = Debug|Any CPU
		{DD3A97F0-3B29-4582-9C5D-971EFE2853BE}.Debug|Any CPU.Build.0 = Debug|Any CPU
		{DD3A97F0-3B29-4582-9C5D-971EFE2853BE}.Release|Any CPU.ActiveCfg = Release|Any CPU
		{DD3A97F0-3B29-4582-9C5D-971EFE2853BE}.Release|Any CPU.Build.0 = Release|Any CPU
		{841FBD70-F84C-4174-AC88-910DCBF314A3}.Debug|Any CPU.ActiveCfg = Debug|Any CPU
		{841FBD70-F84C-4174-AC88-910DCBF314A3}.Debug|Any CPU.Build.0 = Debug|Any CPU
		{841FBD70-F84C-4174-AC88-910DCBF314A3}.Release|Any CPU.ActiveCfg = Release|Any CPU
		{841FBD70-F84C-4174-AC88-910DCBF314A3}.Release|Any CPU.Build.0 = Release|Any CPU
		{E1093350-A129-4347-9FBB-163539F74872}.Debug|Any CPU.ActiveCfg = Debug|Any CPU
		{E1093350-A129-4347-9FBB-163539F74872}.Debug|Any CPU.Build.0 = Debug|Any CPU
		{E1093350-A129-4347-9FBB-163539F74872}.Release|Any CPU.ActiveCfg = Release|Any CPU
		{E1093350-A129-4347-9FBB-163539F74872}.Release|Any CPU.Build.0 = Release|Any CPU
		{6E48B25A-A2A0-41C5-9022-5F3D6D5C060B}.Debug|Any CPU.ActiveCfg = Debug|Any CPU
		{6E48B25A-A2A0-41C5-9022-5F3D6D5C060B}.Debug|Any CPU.Build.0 = Debug|Any CPU
		{6E48B25A-A2A0-41C5-9022-5F3D6D5C060B}.Release|Any CPU.ActiveCfg = Release|Any CPU
		{6E48B25A-A2A0-41C5-9022-5F3D6D5C060B}.Release|Any CPU.Build.0 = Release|Any CPU
		{04639414-B395-4CA5-AFA0-2F5259BF0BA2}.Debug|Any CPU.ActiveCfg = Debug|Any CPU
		{04639414-B395-4CA5-AFA0-2F5259BF0BA2}.Debug|Any CPU.Build.0 = Debug|Any CPU
		{04639414-B395-4CA5-AFA0-2F5259BF0BA2}.Release|Any CPU.ActiveCfg = Release|Any CPU
		{04639414-B395-4CA5-AFA0-2F5259BF0BA2}.Release|Any CPU.Build.0 = Release|Any CPU
		{40455E0A-0D7A-4DC3-8028-6A17EF3C176E}.Debug|Any CPU.ActiveCfg = Debug|Any CPU
		{40455E0A-0D7A-4DC3-8028-6A17EF3C176E}.Debug|Any CPU.Build.0 = Debug|Any CPU
		{40455E0A-0D7A-4DC3-8028-6A17EF3C176E}.Release|Any CPU.ActiveCfg = Release|Any CPU
		{40455E0A-0D7A-4DC3-8028-6A17EF3C176E}.Release|Any CPU.Build.0 = Release|Any CPU
		{7C0A89D4-2286-48B4-AD5F-DE8574F63AC2}.Debug|Any CPU.ActiveCfg = Debug|Any CPU
		{7C0A89D4-2286-48B4-AD5F-DE8574F63AC2}.Debug|Any CPU.Build.0 = Debug|Any CPU
		{7C0A89D4-2286-48B4-AD5F-DE8574F63AC2}.Release|Any CPU.ActiveCfg = Release|Any CPU
		{7C0A89D4-2286-48B4-AD5F-DE8574F63AC2}.Release|Any CPU.Build.0 = Release|Any CPU
		{A756D43F-848D-4F7C-81F2-1B88E554C52D}.Debug|Any CPU.ActiveCfg = Debug|Any CPU
		{A756D43F-848D-4F7C-81F2-1B88E554C52D}.Debug|Any CPU.Build.0 = Debug|Any CPU
		{A756D43F-848D-4F7C-81F2-1B88E554C52D}.Release|Any CPU.ActiveCfg = Release|Any CPU
		{A756D43F-848D-4F7C-81F2-1B88E554C52D}.Release|Any CPU.Build.0 = Release|Any CPU
		{CE0F3344-F076-42E6-9C1D-C6D9A0F81CD2}.Debug|Any CPU.ActiveCfg = Debug|Any CPU
		{CE0F3344-F076-42E6-9C1D-C6D9A0F81CD2}.Debug|Any CPU.Build.0 = Debug|Any CPU
		{CE0F3344-F076-42E6-9C1D-C6D9A0F81CD2}.Release|Any CPU.ActiveCfg = Release|Any CPU
		{CE0F3344-F076-42E6-9C1D-C6D9A0F81CD2}.Release|Any CPU.Build.0 = Release|Any CPU
		{1E394FA6-DE8D-44BD-BA75-4674696DCFCE}.Debug|Any CPU.ActiveCfg = Debug|Any CPU
		{1E394FA6-DE8D-44BD-BA75-4674696DCFCE}.Debug|Any CPU.Build.0 = Debug|Any CPU
		{1E394FA6-DE8D-44BD-BA75-4674696DCFCE}.Release|Any CPU.ActiveCfg = Release|Any CPU
		{1E394FA6-DE8D-44BD-BA75-4674696DCFCE}.Release|Any CPU.Build.0 = Release|Any CPU
		{5B5AA556-77A1-416A-915B-8EF6ED9A8B85}.Debug|Any CPU.ActiveCfg = Debug|Any CPU
		{5B5AA556-77A1-416A-915B-8EF6ED9A8B85}.Debug|Any CPU.Build.0 = Debug|Any CPU
		{5B5AA556-77A1-416A-915B-8EF6ED9A8B85}.Release|Any CPU.ActiveCfg = Release|Any CPU
		{5B5AA556-77A1-416A-915B-8EF6ED9A8B85}.Release|Any CPU.Build.0 = Release|Any CPU
		{EDE77622-D81D-4FED-90D0-E4DDD4DF4D8A}.Debug|Any CPU.ActiveCfg = Debug|Any CPU
		{EDE77622-D81D-4FED-90D0-E4DDD4DF4D8A}.Debug|Any CPU.Build.0 = Debug|Any CPU
		{EDE77622-D81D-4FED-90D0-E4DDD4DF4D8A}.Release|Any CPU.ActiveCfg = Release|Any CPU
		{EDE77622-D81D-4FED-90D0-E4DDD4DF4D8A}.Release|Any CPU.Build.0 = Release|Any CPU
		{0695B474-2F36-4CCE-977A-1A44D85E2B30}.Debug|Any CPU.ActiveCfg = Debug|Any CPU
		{0695B474-2F36-4CCE-977A-1A44D85E2B30}.Debug|Any CPU.Build.0 = Debug|Any CPU
		{0695B474-2F36-4CCE-977A-1A44D85E2B30}.Release|Any CPU.ActiveCfg = Release|Any CPU
		{0695B474-2F36-4CCE-977A-1A44D85E2B30}.Release|Any CPU.Build.0 = Release|Any CPU
		{9E021D48-3CCE-4A84-9C38-B6FD79733922}.Debug|Any CPU.ActiveCfg = Debug|Any CPU
		{9E021D48-3CCE-4A84-9C38-B6FD79733922}.Debug|Any CPU.Build.0 = Debug|Any CPU
		{9E021D48-3CCE-4A84-9C38-B6FD79733922}.Release|Any CPU.ActiveCfg = Release|Any CPU
		{9E021D48-3CCE-4A84-9C38-B6FD79733922}.Release|Any CPU.Build.0 = Release|Any CPU
		{4E7D47D3-FA3D-4544-84A3-AC83C3A8999D}.Debug|Any CPU.ActiveCfg = Debug|Any CPU
		{4E7D47D3-FA3D-4544-84A3-AC83C3A8999D}.Debug|Any CPU.Build.0 = Debug|Any CPU
		{4E7D47D3-FA3D-4544-84A3-AC83C3A8999D}.Release|Any CPU.ActiveCfg = Release|Any CPU
		{4E7D47D3-FA3D-4544-84A3-AC83C3A8999D}.Release|Any CPU.Build.0 = Release|Any CPU
		{18A8D4D6-AA91-40B2-B826-34ADE213AF5E}.Debug|Any CPU.ActiveCfg = Debug|Any CPU
		{18A8D4D6-AA91-40B2-B826-34ADE213AF5E}.Debug|Any CPU.Build.0 = Debug|Any CPU
		{18A8D4D6-AA91-40B2-B826-34ADE213AF5E}.Release|Any CPU.ActiveCfg = Release|Any CPU
		{18A8D4D6-AA91-40B2-B826-34ADE213AF5E}.Release|Any CPU.Build.0 = Release|Any CPU
		{0D90155D-FFE5-4EEB-98CA-C728D0C951D5}.Debug|Any CPU.ActiveCfg = Debug|Any CPU
		{0D90155D-FFE5-4EEB-98CA-C728D0C951D5}.Debug|Any CPU.Build.0 = Debug|Any CPU
		{0D90155D-FFE5-4EEB-98CA-C728D0C951D5}.Release|Any CPU.ActiveCfg = Release|Any CPU
		{0D90155D-FFE5-4EEB-98CA-C728D0C951D5}.Release|Any CPU.Build.0 = Release|Any CPU
		{6B509128-E4BE-420C-937F-7DDAB0277560}.Debug|Any CPU.ActiveCfg = Debug|Any CPU
		{6B509128-E4BE-420C-937F-7DDAB0277560}.Debug|Any CPU.Build.0 = Debug|Any CPU
		{6B509128-E4BE-420C-937F-7DDAB0277560}.Release|Any CPU.ActiveCfg = Release|Any CPU
		{6B509128-E4BE-420C-937F-7DDAB0277560}.Release|Any CPU.Build.0 = Release|Any CPU
		{1625EA17-5205-49D9-A19F-52BCD508DE45}.Debug|Any CPU.ActiveCfg = Debug|Any CPU
		{1625EA17-5205-49D9-A19F-52BCD508DE45}.Debug|Any CPU.Build.0 = Debug|Any CPU
		{1625EA17-5205-49D9-A19F-52BCD508DE45}.Release|Any CPU.ActiveCfg = Release|Any CPU
		{1625EA17-5205-49D9-A19F-52BCD508DE45}.Release|Any CPU.Build.0 = Release|Any CPU
		{7082DF08-AD29-4ABD-86F0-78BF14F6B4C0}.Debug|Any CPU.ActiveCfg = Debug|Any CPU
		{7082DF08-AD29-4ABD-86F0-78BF14F6B4C0}.Debug|Any CPU.Build.0 = Debug|Any CPU
		{7082DF08-AD29-4ABD-86F0-78BF14F6B4C0}.Release|Any CPU.ActiveCfg = Release|Any CPU
		{7082DF08-AD29-4ABD-86F0-78BF14F6B4C0}.Release|Any CPU.Build.0 = Release|Any CPU
		{61C2D9A1-6DA8-487F-A194-04987616EA62}.Debug|Any CPU.ActiveCfg = Debug|Any CPU
		{61C2D9A1-6DA8-487F-A194-04987616EA62}.Debug|Any CPU.Build.0 = Debug|Any CPU
		{61C2D9A1-6DA8-487F-A194-04987616EA62}.Release|Any CPU.ActiveCfg = Release|Any CPU
		{61C2D9A1-6DA8-487F-A194-04987616EA62}.Release|Any CPU.Build.0 = Release|Any CPU
		{5AC8DC9E-AEF0-43A6-8915-55FC104B1325}.Debug|Any CPU.ActiveCfg = Debug|Any CPU
		{5AC8DC9E-AEF0-43A6-8915-55FC104B1325}.Debug|Any CPU.Build.0 = Debug|Any CPU
		{5AC8DC9E-AEF0-43A6-8915-55FC104B1325}.Release|Any CPU.ActiveCfg = Release|Any CPU
		{5AC8DC9E-AEF0-43A6-8915-55FC104B1325}.Release|Any CPU.Build.0 = Release|Any CPU
		{A73B2C8D-DD19-4277-9075-1AB9850A01E4}.Debug|Any CPU.ActiveCfg = Debug|Any CPU
		{A73B2C8D-DD19-4277-9075-1AB9850A01E4}.Debug|Any CPU.Build.0 = Debug|Any CPU
		{A73B2C8D-DD19-4277-9075-1AB9850A01E4}.Release|Any CPU.ActiveCfg = Release|Any CPU
		{A73B2C8D-DD19-4277-9075-1AB9850A01E4}.Release|Any CPU.Build.0 = Release|Any CPU
		{898E77B4-3BBF-45F1-9977-9FA2C82ADF9C}.Debug|Any CPU.ActiveCfg = Debug|Any CPU
		{898E77B4-3BBF-45F1-9977-9FA2C82ADF9C}.Debug|Any CPU.Build.0 = Debug|Any CPU
		{898E77B4-3BBF-45F1-9977-9FA2C82ADF9C}.Release|Any CPU.ActiveCfg = Release|Any CPU
		{898E77B4-3BBF-45F1-9977-9FA2C82ADF9C}.Release|Any CPU.Build.0 = Release|Any CPU
		{560009BE-8CBC-4C9D-A389-08FFC4290EA3}.Debug|Any CPU.ActiveCfg = Debug|Any CPU
		{560009BE-8CBC-4C9D-A389-08FFC4290EA3}.Debug|Any CPU.Build.0 = Debug|Any CPU
		{560009BE-8CBC-4C9D-A389-08FFC4290EA3}.Release|Any CPU.ActiveCfg = Release|Any CPU
		{560009BE-8CBC-4C9D-A389-08FFC4290EA3}.Release|Any CPU.Build.0 = Release|Any CPU
		{137F2845-44DE-4D4E-B917-879555A3B23A}.Debug|Any CPU.ActiveCfg = Debug|Any CPU
		{137F2845-44DE-4D4E-B917-879555A3B23A}.Debug|Any CPU.Build.0 = Debug|Any CPU
		{137F2845-44DE-4D4E-B917-879555A3B23A}.Release|Any CPU.ActiveCfg = Release|Any CPU
		{137F2845-44DE-4D4E-B917-879555A3B23A}.Release|Any CPU.Build.0 = Release|Any CPU
	EndGlobalSection
	GlobalSection(SolutionProperties) = preSolution
		HideSolutionNode = FALSE
	EndGlobalSection
	GlobalSection(NestedProjects) = preSolution
		{F1FE71CF-7461-4092-9C8E-3F90D3D36006} = {E6351FB9-0DBE-49EA-9599-71815686BD69}
		{11C35C41-FB26-4D58-87F5-D483E7DAC81C} = {E6351FB9-0DBE-49EA-9599-71815686BD69}
		{1D5C4345-E878-46C2-9FB1-219C728A5E47} = {E6351FB9-0DBE-49EA-9599-71815686BD69}
		{7DEAE6FD-E65F-4772-899A-D551EFAF22E0} = {11C35C41-FB26-4D58-87F5-D483E7DAC81C}
		{B8E57472-F83E-43CB-9CD8-2192B3E64082} = {9FAC1697-9784-4970-9740-C42D30BE4C38}
		{2846C466-280D-408A-A4AA-849820417B83} = {1E6CA2EE-A0B0-42C8-905B-EBE9A0BDCBD5}
		{AC251FAB-F863-42E4-9F90-9B2F94D93C9F} = {2846C466-280D-408A-A4AA-849820417B83}
		{FE102FE1-90D9-4F50-B8AB-54B4973A41EC} = {2846C466-280D-408A-A4AA-849820417B83}
		{05704D43-67EF-4D78-B508-BC58F4F5A0B9} = {1E6CA2EE-A0B0-42C8-905B-EBE9A0BDCBD5}
		{E6503EA4-8A34-4218-904F-F85DEC4E1EFD} = {05704D43-67EF-4D78-B508-BC58F4F5A0B9}
		{DD3A97F0-3B29-4582-9C5D-971EFE2853BE} = {05704D43-67EF-4D78-B508-BC58F4F5A0B9}
		{841FBD70-F84C-4174-AC88-910DCBF314A3} = {AC251FAB-F863-42E4-9F90-9B2F94D93C9F}
		{E1093350-A129-4347-9FBB-163539F74872} = {FE102FE1-90D9-4F50-B8AB-54B4973A41EC}
		{6E48B25A-A2A0-41C5-9022-5F3D6D5C060B} = {1E6CA2EE-A0B0-42C8-905B-EBE9A0BDCBD5}
		{04639414-B395-4CA5-AFA0-2F5259BF0BA2} = {1E6CA2EE-A0B0-42C8-905B-EBE9A0BDCBD5}
		{6D5F2691-7599-4F0F-94DA-3CC62A5EB82F} = {1E6CA2EE-A0B0-42C8-905B-EBE9A0BDCBD5}
		{40455E0A-0D7A-4DC3-8028-6A17EF3C176E} = {6D5F2691-7599-4F0F-94DA-3CC62A5EB82F}
		{7C0A89D4-2286-48B4-AD5F-DE8574F63AC2} = {6D5F2691-7599-4F0F-94DA-3CC62A5EB82F}
		{192D2DC6-0707-4891-B657-00DB124223A0} = {1E6CA2EE-A0B0-42C8-905B-EBE9A0BDCBD5}
		{A756D43F-848D-4F7C-81F2-1B88E554C52D} = {192D2DC6-0707-4891-B657-00DB124223A0}
		{CE0F3344-F076-42E6-9C1D-C6D9A0F81CD2} = {1E6CA2EE-A0B0-42C8-905B-EBE9A0BDCBD5}
		{1E394FA6-DE8D-44BD-BA75-4674696DCFCE} = {1E6CA2EE-A0B0-42C8-905B-EBE9A0BDCBD5}
		{3A649790-65C6-4FC9-9872-FD1D29FBE8F0} = {E6351FB9-0DBE-49EA-9599-71815686BD69}
		{5B5AA556-77A1-416A-915B-8EF6ED9A8B85} = {3A649790-65C6-4FC9-9872-FD1D29FBE8F0}
		{EDE77622-D81D-4FED-90D0-E4DDD4DF4D8A} = {11C35C41-FB26-4D58-87F5-D483E7DAC81C}
		{0695B474-2F36-4CCE-977A-1A44D85E2B30} = {11C35C41-FB26-4D58-87F5-D483E7DAC81C}
		{9E021D48-3CCE-4A84-9C38-B6FD79733922} = {11C35C41-FB26-4D58-87F5-D483E7DAC81C}
		{4E7D47D3-FA3D-4544-84A3-AC83C3A8999D} = {1D5C4345-E878-46C2-9FB1-219C728A5E47}
		{18A8D4D6-AA91-40B2-B826-34ADE213AF5E} = {1D5C4345-E878-46C2-9FB1-219C728A5E47}
		{0D90155D-FFE5-4EEB-98CA-C728D0C951D5} = {1D5C4345-E878-46C2-9FB1-219C728A5E47}
		{6B509128-E4BE-420C-937F-7DDAB0277560} = {1D5C4345-E878-46C2-9FB1-219C728A5E47}
		{1625EA17-5205-49D9-A19F-52BCD508DE45} = {05704D43-67EF-4D78-B508-BC58F4F5A0B9}
		{7082DF08-AD29-4ABD-86F0-78BF14F6B4C0} = {6D5F2691-7599-4F0F-94DA-3CC62A5EB82F}
		{0EC136FD-C096-4750-88A4-4CAA1C030C28} = {1E6CA2EE-A0B0-42C8-905B-EBE9A0BDCBD5}
		{61C2D9A1-6DA8-487F-A194-04987616EA62} = {0EC136FD-C096-4750-88A4-4CAA1C030C28}
		{5AC8DC9E-AEF0-43A6-8915-55FC104B1325} = {11C35C41-FB26-4D58-87F5-D483E7DAC81C}
		{A73B2C8D-DD19-4277-9075-1AB9850A01E4} = {11C35C41-FB26-4D58-87F5-D483E7DAC81C}
		{898E77B4-3BBF-45F1-9977-9FA2C82ADF9C} = {1D5C4345-E878-46C2-9FB1-219C728A5E47}
		{560009BE-8CBC-4C9D-A389-08FFC4290EA3} = {1D5C4345-E878-46C2-9FB1-219C728A5E47}
		{137F2845-44DE-4D4E-B917-879555A3B23A} = {05704D43-67EF-4D78-B508-BC58F4F5A0B9}
	EndGlobalSection
	GlobalSection(ExtensibilityGlobals) = postSolution
		SolutionGuid = {933ABDA7-FF88-4E51-BBAE-690E0B356FAB}
	EndGlobalSection
EndGlobal
